
Microsoft Visual Studio Solution File, Format Version 12.00
# Visual Studio Version 17
VisualStudioVersion = 17.0.31903.59
MinimumVisualStudioVersion = 10.0.40219.1
Project("{FAE04EC0-301F-11D3-BF4B-00C04F79EFBC}") = "asm", "asm\asm.csproj", "{32830E1A-7629-4673-B905-456E49AE3DCE}"
EndProject
Global
	GlobalSection(SolutionConfigurationPlatforms) = preSolution
		Debug|Any CPU = Debug|Any CPU
		Release|Any CPU = Release|Any CPU
	EndGlobalSection
	GlobalSection(ProjectConfigurationPlatforms) = postSolution
		{32830E1A-7629-4673-B905-456E49AE3DCE}.Debug|Any CPU.ActiveCfg = Debug|Any CPU
		{32830E1A-7629-4673-B905-456E49AE3DCE}.Debug|Any CPU.Build.0 = Debug|Any CPU
		{32830E1A-7629-4673-B905-456E49AE3DCE}.Release|Any CPU.ActiveCfg = Release|Any CPU
		{32830E1A-7629-4673-B905-456E49AE3DCE}.Release|Any CPU.Build.0 = Release|Any CPU
	EndGlobalSection
	GlobalSection(SolutionProperties) = preSolution
		HideSolutionNode = FALSE
	EndGlobalSection
	GlobalSection(ExtensibilityGlobals) = postSolution
		SolutionGuid = {E216C3A9-63E2-4928-9E60-E7D3C01D7562}
	EndGlobalSection
EndGlobal
